
Microsoft Visual Studio Solution File, Format Version 12.00
# Visual Studio 15
VisualStudioVersion = 15.0.27703.2000
MinimumVisualStudioVersion = 10.0.40219.1
Project("{FAE04EC0-301F-11D3-BF4B-00C04F79EFBC}") = "Pathrise_NumberArray_Practice", "Pathrise_NumberArray_Practice.csproj", "{F807E397-DB0E-4794-9A96-BF8165B234C6}"
EndProject
Global
	GlobalSection(SolutionConfigurationPlatforms) = preSolution
		Debug|Any CPU = Debug|Any CPU
		Release|Any CPU = Release|Any CPU
	EndGlobalSection
	GlobalSection(ProjectConfigurationPlatforms) = postSolution
		{F807E397-DB0E-4794-9A96-BF8165B234C6}.Debug|Any CPU.ActiveCfg = Debug|Any CPU
		{F807E397-DB0E-4794-9A96-BF8165B234C6}.Debug|Any CPU.Build.0 = Debug|Any CPU
		{F807E397-DB0E-4794-9A96-BF8165B234C6}.Release|Any CPU.ActiveCfg = Release|Any CPU
		{F807E397-DB0E-4794-9A96-BF8165B234C6}.Release|Any CPU.Build.0 = Release|Any CPU
	EndGlobalSection
	GlobalSection(SolutionProperties) = preSolution
		HideSolutionNode = FALSE
	EndGlobalSection
	GlobalSection(ExtensibilityGlobals) = postSolution
		SolutionGuid = {1F884CEB-47CF-46A3-B527-6A7129188A7F}
	EndGlobalSection
EndGlobal
